
Microsoft Visual Studio Solution File, Format Version 12.00
# Visual Studio Version 17
VisualStudioVersion = 17.4.33110.190
MinimumVisualStudioVersion = 10.0.40219.1
Project("{FAE04EC0-301F-11D3-BF4B-00C04F79EFBC}") = "Matrix", "Matrix\Matrix.csproj", "{CF11733B-6818-4F12-A0B5-787C1E3CE9A6}"
EndProject
Global
	GlobalSection(SolutionConfigurationPlatforms) = preSolution
		Debug|Any CPU = Debug|Any CPU
		Release|Any CPU = Release|Any CPU
	EndGlobalSection
	GlobalSection(ProjectConfigurationPlatforms) = postSolution
		{CF11733B-6818-4F12-A0B5-787C1E3CE9A6}.Debug|Any CPU.ActiveCfg = Debug|Any CPU
		{CF11733B-6818-4F12-A0B5-787C1E3CE9A6}.Debug|Any CPU.Build.0 = Debug|Any CPU
		{CF11733B-6818-4F12-A0B5-787C1E3CE9A6}.Release|Any CPU.ActiveCfg = Release|Any CPU
		{CF11733B-6818-4F12-A0B5-787C1E3CE9A6}.Release|Any CPU.Build.0 = Release|Any CPU
	EndGlobalSection
	GlobalSection(SolutionProperties) = preSolution
		HideSolutionNode = FALSE
	EndGlobalSection
	GlobalSection(ExtensibilityGlobals) = postSolution
		SolutionGuid = {0B6977D9-7252-4987-AA6F-C5DBB5DA675F}
	EndGlobalSection
EndGlobal
